
Microsoft Visual Studio Solution File, Format Version 12.00
# Visual Studio Version 17
VisualStudioVersion = 17.7.34302.85
MinimumVisualStudioVersion = 10.0.40219.1
Project("{FAE04EC0-301F-11D3-BF4B-00C04F79EFBC}") = "BackendApplication", "BackendApplication\BackendApplication.csproj", "{D150C9A1-00A0-4D77-BE84-1779A8E87A18}"
EndProject
Global
	GlobalSection(SolutionConfigurationPlatforms) = preSolution
		Debug|Any CPU = Debug|Any CPU
		Release|Any CPU = Release|Any CPU
	EndGlobalSection
	GlobalSection(ProjectConfigurationPlatforms) = postSolution
		{D150C9A1-00A0-4D77-BE84-1779A8E87A18}.Debug|Any CPU.ActiveCfg = Debug|Any CPU
		{D150C9A1-00A0-4D77-BE84-1779A8E87A18}.Debug|Any CPU.Build.0 = Debug|Any CPU
		{D150C9A1-00A0-4D77-BE84-1779A8E87A18}.Release|Any CPU.ActiveCfg = Release|Any CPU
		{D150C9A1-00A0-4D77-BE84-1779A8E87A18}.Release|Any CPU.Build.0 = Release|Any CPU
	EndGlobalSection
	GlobalSection(SolutionProperties) = preSolution
		HideSolutionNode = FALSE
	EndGlobalSection
	GlobalSection(ExtensibilityGlobals) = postSolution
		SolutionGuid = {909CD2A4-5F7E-4C6E-B749-8D4F4A0BF7D9}
	EndGlobalSection
EndGlobal
